// !$*UTF8*$!
{
	archiveVersion = 1;
	classes = {
	};
	objectVersion = 63;
	objects = {

/* Begin PBXBuildFile section */
		20FFD8581ECAB88152F1E099 /* StorageManager.swift in Sources */ = {isa = PBXBuildFile; fileRef = EEEA62C95A493908053FB013 /* StorageManager.swift */; };
		28B1ADD6B7D61BF7F4E4C374 /* Recording.swift in Sources */ = {isa = PBXBuildFile; fileRef = 9982FFB91C1F617B4CDB97EC /* Recording.swift */; };
		2D492BEF25191E99C8C266EC /* Assets.xcassets in Resources */ = {isa = PBXBuildFile; fileRef = A5003134BD6A40CDC2158081 /* Assets.xcassets */; };
		347A4B4C6F6092AF894FD003 /* RecordingDetailView.swift in Sources */ = {isa = PBXBuildFile; fileRef = D2315D112436A03362A85B0D /* RecordingDetailView.swift */; };
		4F05FB3D779552EF79BDEC0B /* ExportService.swift in Sources */ = {isa = PBXBuildFile; fileRef = 520435DCED42A21C231CE866 /* ExportService.swift */; };
		76FA5256AD6537FAA152D15C /* ContentView.swift in Sources */ = {isa = PBXBuildFile; fileRef = 8695E00E2D89F4461F204F75 /* ContentView.swift */; };
		771D8CC31AE6D2B38BF90D9B /* RecordingView.swift in Sources */ = {isa = PBXBuildFile; fileRef = E2C6B9C4FD22F9B0CE7671D6 /* RecordingView.swift */; };
		A96AE183E41A71C08FFA6918 /* TranscriptionModels.swift in Sources */ = {isa = PBXBuildFile; fileRef = 50503FF5B6FD98DC7353D8EF /* TranscriptionModels.swift */; };
		AF12B2115F6663D009E802C7 /* AudioManager.swift in Sources */ = {isa = PBXBuildFile; fileRef = 90A98CD9F91FC6E67872FB89 /* AudioManager.swift */; };
		AF7DFD67DFD40C5CC0084709 /* TranscriptionService.swift in Sources */ = {isa = PBXBuildFile; fileRef = 1CF74A4ED9B3CEFECBA1B745 /* TranscriptionService.swift */; };
		DE3AA1304B18459012EE9150 /* SettingsView.swift in Sources */ = {isa = PBXBuildFile; fileRef = 76580514EAC53E691F8698C5 /* SettingsView.swift */; };
		DF00C18DBB4052C3E2C1A811 /* KeychainService.swift in Sources */ = {isa = PBXBuildFile; fileRef = F7034430F6EB82D09393C0CC /* KeychainService.swift */; };
		F166A7A1364F74D0A0C1083A /* VoiceMemoAppApp.swift in Sources */ = {isa = PBXBuildFile; fileRef = 68B4CD29A589FAEBABFE33DE /* VoiceMemoAppApp.swift */; };
		F881DD02072F79A3B6498823 /* VoiceMemo.swift in Sources */ = {isa = PBXBuildFile; fileRef = 4E6B8D55A1B601DDF20003AE /* VoiceMemo.swift */; };
		FBE9F3F9B9C2EF38A76DA4C9 /* TranscriptionError.swift in Sources */ = {isa = PBXBuildFile; fileRef = CCBB37DA4D9AAF4DC13C16AA /* TranscriptionError.swift */; };
/* End PBXBuildFile section */

/* Begin PBXFileReference section */
		1CF74A4ED9B3CEFECBA1B745 /* TranscriptionService.swift */ = {isa = PBXFileReference; lastKnownFileType = sourcecode.swift; path = TranscriptionService.swift; sourceTree = "<group>"; };
		222B539FFB5315B3B88EACAA /* VoiceMemoApp.app */ = {isa = PBXFileReference; explicitFileType = wrapper.application; includeInIndex = 0; path = VoiceMemoApp.app; sourceTree = BUILT_PRODUCTS_DIR; };
		4E6B8D55A1B601DDF20003AE /* VoiceMemo.swift */ = {isa = PBXFileReference; lastKnownFileType = sourcecode.swift; path = VoiceMemo.swift; sourceTree = "<group>"; };
		50503FF5B6FD98DC7353D8EF /* TranscriptionModels.swift */ = {isa = PBXFileReference; lastKnownFileType = sourcecode.swift; path = TranscriptionModels.swift; sourceTree = "<group>"; };
		520435DCED42A21C231CE866 /* ExportService.swift */ = {isa = PBXFileReference; lastKnownFileType = sourcecode.swift; path = ExportService.swift; sourceTree = "<group>"; };
		68B4CD29A589FAEBABFE33DE /* VoiceMemoAppApp.swift */ = {isa = PBXFileReference; lastKnownFileType = sourcecode.swift; path = VoiceMemoAppApp.swift; sourceTree = "<group>"; };
		76580514EAC53E691F8698C5 /* SettingsView.swift */ = {isa = PBXFileReference; lastKnownFileType = sourcecode.swift; path = SettingsView.swift; sourceTree = "<group>"; };
		7833C43507BBE19C827AE0A8 /* Info.plist */ = {isa = PBXFileReference; lastKnownFileType = text.plist; path = Info.plist; sourceTree = "<group>"; };
		8695E00E2D89F4461F204F75 /* ContentView.swift */ = {isa = PBXFileReference; lastKnownFileType = sourcecode.swift; path = ContentView.swift; sourceTree = "<group>"; };
		90A98CD9F91FC6E67872FB89 /* AudioManager.swift */ = {isa = PBXFileReference; lastKnownFileType = sourcecode.swift; path = AudioManager.swift; sourceTree = "<group>"; };
		9982FFB91C1F617B4CDB97EC /* Recording.swift */ = {isa = PBXFileReference; lastKnownFileType = sourcecode.swift; path = Recording.swift; sourceTree = "<group>"; };
		A5003134BD6A40CDC2158081 /* Assets.xcassets */ = {isa = PBXFileReference; lastKnownFileType = folder.assetcatalog; path = Assets.xcassets; sourceTree = "<group>"; };
		CCBB37DA4D9AAF4DC13C16AA /* TranscriptionError.swift */ = {isa = PBXFileReference; lastKnownFileType = sourcecode.swift; path = TranscriptionError.swift; sourceTree = "<group>"; };
		D2315D112436A03362A85B0D /* RecordingDetailView.swift */ = {isa = PBXFileReference; lastKnownFileType = sourcecode.swift; path = RecordingDetailView.swift; sourceTree = "<group>"; };
		E2C6B9C4FD22F9B0CE7671D6 /* RecordingView.swift */ = {isa = PBXFileReference; lastKnownFileType = sourcecode.swift; path = RecordingView.swift; sourceTree = "<group>"; };
		EEEA62C95A493908053FB013 /* StorageManager.swift */ = {isa = PBXFileReference; lastKnownFileType = sourcecode.swift; path = StorageManager.swift; sourceTree = "<group>"; };
		F7034430F6EB82D09393C0CC /* KeychainService.swift */ = {isa = PBXFileReference; lastKnownFileType = sourcecode.swift; path = KeychainService.swift; sourceTree = "<group>"; };
/* End PBXFileReference section */

/* Begin PBXGroup section */
		3E245319D984F2A7BC1BF5C5 /* VoiceMemoApp */ = {
			isa = PBXGroup;
			children = (
				A5003134BD6A40CDC2158081 /* Assets.xcassets */,
				90A98CD9F91FC6E67872FB89 /* AudioManager.swift */,
				8695E00E2D89F4461F204F75 /* ContentView.swift */,
				520435DCED42A21C231CE866 /* ExportService.swift */,
				7833C43507BBE19C827AE0A8 /* Info.plist */,
				F7034430F6EB82D09393C0CC /* KeychainService.swift */,
				9982FFB91C1F617B4CDB97EC /* Recording.swift */,
				D2315D112436A03362A85B0D /* RecordingDetailView.swift */,
				E2C6B9C4FD22F9B0CE7671D6 /* RecordingView.swift */,
				76580514EAC53E691F8698C5 /* SettingsView.swift */,
				EEEA62C95A493908053FB013 /* StorageManager.swift */,
				CCBB37DA4D9AAF4DC13C16AA /* TranscriptionError.swift */,
				50503FF5B6FD98DC7353D8EF /* TranscriptionModels.swift */,
				1CF74A4ED9B3CEFECBA1B745 /* TranscriptionService.swift */,
				4E6B8D55A1B601DDF20003AE /* VoiceMemo.swift */,
				68B4CD29A589FAEBABFE33DE /* VoiceMemoAppApp.swift */,
			);
			path = VoiceMemoApp;
			sourceTree = "<group>";
		};
		52C3B052142B733C9CA5C96A = {
			isa = PBXGroup;
			children = (
				3E245319D984F2A7BC1BF5C5 /* VoiceMemoApp */,
				99E5B508002C7E848160431E /* Products */,
			);
			sourceTree = "<group>";
		};
		99E5B508002C7E848160431E /* Products */ = {
			isa = PBXGroup;
			children = (
				222B539FFB5315B3B88EACAA /* VoiceMemoApp.app */,
			);
			name = Products;
			sourceTree = "<group>";
		};
/* End PBXGroup section */

/* Begin PBXNativeTarget section */
		C60DB49BC67F7E464081638D /* VoiceMemoApp */ = {
			isa = PBXNativeTarget;
			buildConfigurationList = 808B69B81F3539F749790F2C /* Build configuration list for PBXNativeTarget "VoiceMemoApp" */;
			buildPhases = (
				726293A0969B3EBD31F3CEE7 /* Sources */,
				1E624039F57429F37975D7D6 /* Resources */,
			);
			buildRules = (
			);
			dependencies = (
			);
			name = VoiceMemoApp;
			packageProductDependencies = (
			);
			productName = VoiceMemoApp;
			productReference = 222B539FFB5315B3B88EACAA /* VoiceMemoApp.app */;
			productType = "com.apple.product-type.application";
		};
/* End PBXNativeTarget section */

/* Begin PBXProject section */
		99ECD61BDE131B12E35246A8 /* Project object */ = {
			isa = PBXProject;
			attributes = {
				BuildIndependentTargetsInParallel = YES;
				LastUpgradeCheck = 1430;
			};
			buildConfigurationList = 006B81A4AF9D03642B04BB8F /* Build configuration list for PBXProject "VoiceMemoApp" */;
			compatibilityVersion = "Xcode 14.0";
			developmentRegion = en;
			hasScannedForEncodings = 0;
			knownRegions = (
				Base,
				en,
			);
			mainGroup = 52C3B052142B733C9CA5C96A;
			minimizedProjectReferenceProxies = 1;
			projectDirPath = "";
			projectRoot = "";
			targets = (
				C60DB49BC67F7E464081638D /* VoiceMemoApp */,
			);
		};
/* End PBXProject section */

/* Begin PBXResourcesBuildPhase section */
		1E624039F57429F37975D7D6 /* Resources */ = {
			isa = PBXResourcesBuildPhase;
			buildActionMask = 2147483647;
			files = (
				2D492BEF25191E99C8C266EC /* Assets.xcassets in Resources */,
			);
			runOnlyForDeploymentPostprocessing = 0;
		};
/* End PBXResourcesBuildPhase section */

/* Begin PBXSourcesBuildPhase section */
		726293A0969B3EBD31F3CEE7 /* Sources */ = {
			isa = PBXSourcesBuildPhase;
			buildActionMask = 2147483647;
			files = (
				AF12B2115F6663D009E802C7 /* AudioManager.swift in Sources */,
				76FA5256AD6537FAA152D15C /* ContentView.swift in Sources */,
				4F05FB3D779552EF79BDEC0B /* ExportService.swift in Sources */,
				DF00C18DBB4052C3E2C1A811 /* KeychainService.swift in Sources */,
				28B1ADD6B7D61BF7F4E4C374 /* Recording.swift in Sources */,
				347A4B4C6F6092AF894FD003 /* RecordingDetailView.swift in Sources */,
				771D8CC31AE6D2B38BF90D9B /* RecordingView.swift in Sources */,
				DE3AA1304B18459012EE9150 /* SettingsView.swift in Sources */,
				20FFD8581ECAB88152F1E099 /* StorageManager.swift in Sources */,
				FBE9F3F9B9C2EF38A76DA4C9 /* TranscriptionError.swift in Sources */,
				A96AE183E41A71C08FFA6918 /* TranscriptionModels.swift in Sources */,
				AF7DFD67DFD40C5CC0084709 /* TranscriptionService.swift in Sources */,
				F881DD02072F79A3B6498823 /* VoiceMemo.swift in Sources */,
				F166A7A1364F74D0A0C1083A /* VoiceMemoAppApp.swift in Sources */,
			);
			runOnlyForDeploymentPostprocessing = 0;
		};
/* End PBXSourcesBuildPhase section */

/* Begin XCBuildConfiguration section */
		2EBE4452BE2E953DEB854374 /* Debug */ = {
			isa = XCBuildConfiguration;
			buildSettings = {
				ALWAYS_SEARCH_USER_PATHS = NO;
				ASSETCATALOG_COMPILER_APPICON_NAME = AppIcon;
				CODE_SIGN_IDENTITY = "iPhone Developer";
				DEVELOPMENT_TEAM = 9KQ6DBM8W6;
				INFOPLIST_FILE = VoiceMemoApp/Info.plist;
				IPHONEOS_DEPLOYMENT_TARGET = 26.0;
				LD_RUNPATH_SEARCH_PATHS = (
					"$(inherited)",
					"@executable_path/Frameworks",
				);
				PRODUCT_BUNDLE_IDENTIFIER = com.yukisugimoto.VoiceMemoApp;
				PRODUCT_NAME = VoiceMemoApp;
				SDKROOT = iphoneos;
				SUPPORTED_PLATFORMS = "iphonesimulator iphoneos";
				SUPPORTS_MACCATALYST = NO;
				SWIFT_VERSION = 6.0;
				TARGETED_DEVICE_FAMILY = "1,2";
			};
			name = Debug;
		};
		3ACF30D1FE1AA7410DD277EC /* Release */ = {
			isa = XCBuildConfiguration;
			buildSettings = {
				ALWAYS_SEARCH_USER_PATHS = NO;
				CLANG_ANALYZER_NONNULL = YES;
				CLANG_ANALYZER_NUMBER_OBJECT_CONVERSION = YES_AGGRESSIVE;
				CLANG_CXX_LANGUAGE_STANDARD = "gnu++14";
				CLANG_CXX_LIBRARY = "libc++";
				CLANG_ENABLE_MODULES = YES;
				CLANG_ENABLE_OBJC_ARC = YES;
				CLANG_ENABLE_OBJC_WEAK = YES;
				CLANG_WARN_BLOCK_CAPTURE_AUTORELEASING = YES;
				CLANG_WARN_BOOL_CONVERSION = YES;
				CLANG_WARN_COMMA = YES;
				CLANG_WARN_CONSTANT_CONVERSION = YES;
				CLANG_WARN_DEPRECATED_OBJC_IMPLEMENTATIONS = YES;
				CLANG_WARN_DIRECT_OBJC_ISA_USAGE = YES_ERROR;
				CLANG_WARN_DOCUMENTATION_COMMENTS = YES;
				CLANG_WARN_EMPTY_BODY = YES;
				CLANG_WARN_ENUM_CONVERSION = YES;
				CLANG_WARN_INFINITE_RECURSION = YES;
				CLANG_WARN_INT_CONVERSION = YES;
				CLANG_WARN_NON_LITERAL_NULL_CONVERSION = YES;
				CLANG_WARN_OBJC_IMPLICIT_RETAIN_SELF = YES;
				CLANG_WARN_OBJC_LITERAL_CONVERSION = YES;
				CLANG_WARN_OBJC_ROOT_CLASS = YES_ERROR;
				CLANG_WARN_QUOTED_INCLUDE_IN_FRAMEWORK_HEADER = YES;
				CLANG_WARN_RANGE_LOOP_ANALYSIS = YES;
				CLANG_WARN_STRICT_PROTOTYPES = YES;
				CLANG_WARN_SUSPICIOUS_MOVE = YES;
				CLANG_WARN_UNGUARDED_AVAILABILITY = YES_AGGRESSIVE;
				CLANG_WARN_UNREACHABLE_CODE = YES;
				CLANG_WARN__DUPLICATE_METHOD_MATCH = YES;
				COPY_PHASE_STRIP = NO;
				DEBUG_INFORMATION_FORMAT = "dwarf-with-dsym";
				ENABLE_NS_ASSERTIONS = NO;
				ENABLE_STRICT_OBJC_MSGSEND = YES;
				GCC_C_LANGUAGE_STANDARD = gnu11;
				GCC_NO_COMMON_BLOCKS = YES;
				GCC_WARN_64_TO_32_BIT_CONVERSION = YES;
				GCC_WARN_ABOUT_RETURN_TYPE = YES_ERROR;
				GCC_WARN_UNDECLARED_SELECTOR = YES;
				GCC_WARN_UNINITIALIZED_AUTOS = YES_AGGRESSIVE;
				GCC_WARN_UNUSED_FUNCTION = YES;
				GCC_WARN_UNUSED_VARIABLE = YES;
				MTL_ENABLE_DEBUG_INFO = NO;
				MTL_FAST_MATH = YES;
				PRODUCT_NAME = "$(TARGET_NAME)";
				SDKROOT = iphoneos;
				SWIFT_COMPILATION_MODE = wholemodule;
				SWIFT_OPTIMIZATION_LEVEL = "-O";
				SWIFT_VERSION = 5.0;
			};
			name = Release;
		};
		3C49203ABB7694507AB6893E /* Release */ = {
			isa = XCBuildConfiguration;
			buildSettings = {
				ALWAYS_SEARCH_USER_PATHS = NO;
				ASSETCATALOG_COMPILER_APPICON_NAME = AppIcon;
				CODE_SIGN_IDENTITY = "iPhone Developer";
				DEVELOPMENT_TEAM = 9KQ6DBM8W6;
				INFOPLIST_FILE = VoiceMemoApp/Info.plist;
				IPHONEOS_DEPLOYMENT_TARGET = 26.0;
				LD_RUNPATH_SEARCH_PATHS = (
					"$(inherited)",
					"@executable_path/Frameworks",
				);
				PRODUCT_BUNDLE_IDENTIFIER = com.yukisugimoto.VoiceMemoApp;
				PRODUCT_NAME = VoiceMemoApp;
				SDKROOT = iphoneos;
				SUPPORTED_PLATFORMS = "iphonesimulator iphoneos";
				SUPPORTS_MACCATALYST = NO;
				SWIFT_VERSION = 6.0;
				TARGETED_DEVICE_FAMILY = "1,2";
			};
			name = Release;
		};
		4F81F70A5B58BFCD06B29780 /* Debug */ = {
			isa = XCBuildConfiguration;
			buildSettings = {
				ALWAYS_SEARCH_USER_PATHS = NO;
				CLANG_ANALYZER_NONNULL = YES;
				CLANG_ANALYZER_NUMBER_OBJECT_CONVERSION = YES_AGGRESSIVE;
				CLANG_CXX_LANGUAGE_STANDARD = "gnu++14";
				CLANG_CXX_LIBRARY = "libc++";
				CLANG_ENABLE_MODULES = YES;
				CLANG_ENABLE_OBJC_ARC = YES;
				CLANG_ENABLE_OBJC_WEAK = YES;
				CLANG_WARN_BLOCK_CAPTURE_AUTORELEASING = YES;
				CLANG_WARN_BOOL_CONVERSION = YES;
				CLANG_WARN_COMMA = YES;
				CLANG_WARN_CONSTANT_CONVERSION = YES;
				CLANG_WARN_DEPRECATED_OBJC_IMPLEMENTATIONS = YES;
				CLANG_WARN_DIRECT_OBJC_ISA_USAGE = YES_ERROR;
				CLANG_WARN_DOCUMENTATION_COMMENTS = YES;
				CLANG_WARN_EMPTY_BODY = YES;
				CLANG_WARN_ENUM_CONVERSION = YES;
				CLANG_WARN_INFINITE_RECURSION = YES;
				CLANG_WARN_INT_CONVERSION = YES;
				CLANG_WARN_NON_LITERAL_NULL_CONVERSION = YES;
				CLANG_WARN_OBJC_IMPLICIT_RETAIN_SELF = YES;
				CLANG_WARN_OBJC_LITERAL_CONVERSION = YES;
				CLANG_WARN_OBJC_ROOT_CLASS = YES_ERROR;
				CLANG_WARN_QUOTED_INCLUDE_IN_FRAMEWORK_HEADER = YES;
				CLANG_WARN_RANGE_LOOP_ANALYSIS = YES;
				CLANG_WARN_STRICT_PROTOTYPES = YES;
				CLANG_WARN_SUSPICIOUS_MOVE = YES;
				CLANG_WARN_UNGUARDED_AVAILABILITY = YES_AGGRESSIVE;
				CLANG_WARN_UNREACHABLE_CODE = YES;
				CLANG_WARN__DUPLICATE_METHOD_MATCH = YES;
				COPY_PHASE_STRIP = NO;
				DEBUG_INFORMATION_FORMAT = dwarf;
				ENABLE_STRICT_OBJC_MSGSEND = YES;
				ENABLE_TESTABILITY = YES;
				GCC_C_LANGUAGE_STANDARD = gnu11;
				GCC_DYNAMIC_NO_PIC = NO;
				GCC_NO_COMMON_BLOCKS = YES;
				GCC_OPTIMIZATION_LEVEL = 0;
				GCC_PREPROCESSOR_DEFINITIONS = (
					"$(inherited)",
					"DEBUG=1",
				);
				GCC_WARN_64_TO_32_BIT_CONVERSION = YES;
				GCC_WARN_ABOUT_RETURN_TYPE = YES_ERROR;
				GCC_WARN_UNDECLARED_SELECTOR = YES;
				GCC_WARN_UNINITIALIZED_AUTOS = YES_AGGRESSIVE;
				GCC_WARN_UNUSED_FUNCTION = YES;
				GCC_WARN_UNUSED_VARIABLE = YES;
				MTL_ENABLE_DEBUG_INFO = INCLUDE_SOURCE;
				MTL_FAST_MATH = YES;
				ONLY_ACTIVE_ARCH = YES;
				PRODUCT_NAME = "$(TARGET_NAME)";
				SDKROOT = iphoneos;
				SWIFT_ACTIVE_COMPILATION_CONDITIONS = DEBUG;
				SWIFT_OPTIMIZATION_LEVEL = "-Onone";
				SWIFT_VERSION = 5.0;
			};
			name = Debug;
		};
/* End XCBuildConfiguration section */

/* Begin XCConfigurationList section */
		006B81A4AF9D03642B04BB8F /* Build configuration list for PBXProject "VoiceMemoApp" */ = {
			isa = XCConfigurationList;
			buildConfigurations = (
				4F81F70A5B58BFCD06B29780 /* Debug */,
				3ACF30D1FE1AA7410DD277EC /* Release */,
			);
			defaultConfigurationIsVisible = 0;
			defaultConfigurationName = Debug;
		};
		808B69B81F3539F749790F2C /* Build configuration list for PBXNativeTarget "VoiceMemoApp" */ = {
			isa = XCConfigurationList;
			buildConfigurations = (
				2EBE4452BE2E953DEB854374 /* Debug */,
				3C49203ABB7694507AB6893E /* Release */,
			);
			defaultConfigurationIsVisible = 0;
			defaultConfigurationName = Debug;
		};
/* End XCConfigurationList section */
	};
	rootObject = 99ECD61BDE131B12E35246A8 /* Project object */;
}
